
Microsoft Visual Studio Solution File, Format Version 12.00
# Visual Studio Version 16
VisualStudioVersion = 16.0.29613.14
MinimumVisualStudioVersion = 10.0.40219.1
Project("{FAE04EC0-301F-11D3-BF4B-00C04F79EFBC}") = "FizzBuzz", "FizzBuzz\FizzBuzz.csproj", "{636A9A67-B0ED-4C8A-8335-1D49694A209E}"
EndProject
Project("{FAE04EC0-301F-11D3-BF4B-00C04F79EFBC}") = "FizzBuzzTests", "FizzBuzzTests\FizzBuzzTests.csproj", "{AFE96614-5C7F-4DC4-A273-28B39924E646}"
EndProject
Global
	GlobalSection(SolutionConfigurationPlatforms) = preSolution
		Debug|Any CPU = Debug|Any CPU
		Release|Any CPU = Release|Any CPU
	EndGlobalSection
	GlobalSection(ProjectConfigurationPlatforms) = postSolution
		{636A9A67-B0ED-4C8A-8335-1D49694A209E}.Debug|Any CPU.ActiveCfg = Debug|Any CPU
		{636A9A67-B0ED-4C8A-8335-1D49694A209E}.Debug|Any CPU.Build.0 = Debug|Any CPU
		{636A9A67-B0ED-4C8A-8335-1D49694A209E}.Release|Any CPU.ActiveCfg = Release|Any CPU
		{636A9A67-B0ED-4C8A-8335-1D49694A209E}.Release|Any CPU.Build.0 = Release|Any CPU
		{AFE96614-5C7F-4DC4-A273-28B39924E646}.Debug|Any CPU.ActiveCfg = Debug|Any CPU
		{AFE96614-5C7F-4DC4-A273-28B39924E646}.Debug|Any CPU.Build.0 = Debug|Any CPU
		{AFE96614-5C7F-4DC4-A273-28B39924E646}.Release|Any CPU.ActiveCfg = Release|Any CPU
		{AFE96614-5C7F-4DC4-A273-28B39924E646}.Release|Any CPU.Build.0 = Release|Any CPU
	EndGlobalSection
	GlobalSection(SolutionProperties) = preSolution
		HideSolutionNode = FALSE
	EndGlobalSection
	GlobalSection(ExtensibilityGlobals) = postSolution
		SolutionGuid = {6BEFA203-E7A5-439E-8613-11678BEE5AFF}
	EndGlobalSection
EndGlobal
